// !$*UTF8*$!
{
	archiveVersion = 1;
	classes = {
	};
	objectVersion = 46;
	objects = {

/* Begin PBXBuildFile section */
		1BB0F39C15EBD997005ACA0F /* UIKit.framework in Frameworks */ = {isa = PBXBuildFile; fileRef = 1BB0F39B15EBD997005ACA0F /* UIKit.framework */; };
		1BB0F39E15EBD997005ACA0F /* Foundation.framework in Frameworks */ = {isa = PBXBuildFile; fileRef = 1BB0F39D15EBD997005ACA0F /* Foundation.framework */; };
		1BB0F3A015EBD997005ACA0F /* CoreGraphics.framework in Frameworks */ = {isa = PBXBuildFile; fileRef = 1BB0F39F15EBD997005ACA0F /* CoreGraphics.framework */; };
		1BB0F3A615EBD997005ACA0F /* InfoPlist.strings in Resources */ = {isa = PBXBuildFile; fileRef = 1BB0F3A415EBD997005ACA0F /* InfoPlist.strings */; };
		1BB0F3A815EBD997005ACA0F /* main.m in Sources */ = {isa = PBXBuildFile; fileRef = 1BB0F3A715EBD997005ACA0F /* main.m */; };
		1BB0F3AC15EBD997005ACA0F /* AppDelegate.m in Sources */ = {isa = PBXBuildFile; fileRef = 1BB0F3AB15EBD997005ACA0F /* AppDelegate.m */; };
		1BB0F3C215EBDAEE005ACA0F /* Bioskopi_iPhone.xib in Resources */ = {isa = PBXBuildFile; fileRef = 1BB0F3B815EBDAEE005ACA0F /* Bioskopi_iPhone.xib */; };
		1BB0F3C315EBDAEE005ACA0F /* DatePicker_iPhone.xib in Resources */ = {isa = PBXBuildFile; fileRef = 1BB0F3B915EBDAEE005ACA0F /* DatePicker_iPhone.xib */; };
		1BB0F3C415EBDAEE005ACA0F /* Film.xib in Resources */ = {isa = PBXBuildFile; fileRef = 1BB0F3BA15EBDAEE005ACA0F /* Film.xib */; };
		1BB0F3C515EBDAEE005ACA0F /* FirstViewController_iPhone.xib in Resources */ = {isa = PBXBuildFile; fileRef = 1BB0F3BB15EBDAEE005ACA0F /* FirstViewController_iPhone.xib */; };
		1BB0F3C615EBDAEE005ACA0F /* IMDBViewController.xib in Resources */ = {isa = PBXBuildFile; fileRef = 1BB0F3BC15EBDAEE005ACA0F /* IMDBViewController.xib */; };
		1BB0F3C715EBDAEE005ACA0F /* Pregled_iPhone.xib in Resources */ = {isa = PBXBuildFile; fileRef = 1BB0F3BD15EBDAEE005ACA0F /* Pregled_iPhone.xib */; };
		1BB0F3C815EBDAEE005ACA0F /* Pregled2_iPhone.xib in Resources */ = {isa = PBXBuildFile; fileRef = 1BB0F3BE15EBDAEE005ACA0F /* Pregled2_iPhone.xib */; };
		1BB0F3C915EBDAEE005ACA0F /* SecondViewController_iPhone.xib in Resources */ = {isa = PBXBuildFile; fileRef = 1BB0F3BF15EBDAEE005ACA0F /* SecondViewController_iPhone.xib */; };
		1BB0F3CA15EBDAEE005ACA0F /* TableCell.xib in Resources */ = {isa = PBXBuildFile; fileRef = 1BB0F3C015EBDAEE005ACA0F /* TableCell.xib */; };
		1BB0F3CB15EBDAEE005ACA0F /* TableHeader.xib in Resources */ = {isa = PBXBuildFile; fileRef = 1BB0F3C115EBDAEE005ACA0F /* TableHeader.xib */; };
		1BB0F3D915EBDB0B005ACA0F /* BioskopiViewController.m in Sources */ = {isa = PBXBuildFile; fileRef = 1BB0F3CD15EBDB0B005ACA0F /* BioskopiViewController.m */; };
		1BB0F3DA15EBDB0B005ACA0F /* DataProxy.m in Sources */ = {isa = PBXBuildFile; fileRef = 1BB0F3CE15EBDB0B005ACA0F /* DataProxy.m */; };
		1BB0F3DB15EBDB0B005ACA0F /* DatePickerViewController.m in Sources */ = {isa = PBXBuildFile; fileRef = 1BB0F3CF15EBDB0B005ACA0F /* DatePickerViewController.m */; };
		1BB0F3DC15EBDB0B005ACA0F /* FilmViewController.m in Sources */ = {isa = PBXBuildFile; fileRef = 1BB0F3D015EBDB0B005ACA0F /* FilmViewController.m */; };
		1BB0F3DD15EBDB0B005ACA0F /* FirstViewController.m in Sources */ = {isa = PBXBuildFile; fileRef = 1BB0F3D115EBDB0B005ACA0F /* FirstViewController.m */; };
		1BB0F3DE15EBDB0B005ACA0F /* IMDBViewController.m in Sources */ = {isa = PBXBuildFile; fileRef = 1BB0F3D215EBDB0B005ACA0F /* IMDBViewController.m */; };
		1BB0F3DF15EBDB0B005ACA0F /* Pregled2ViewController.m in Sources */ = {isa = PBXBuildFile; fileRef = 1BB0F3D315EBDB0B005ACA0F /* Pregled2ViewController.m */; };
		1BB0F3E015EBDB0B005ACA0F /* PregledViewController.m in Sources */ = {isa = PBXBuildFile; fileRef = 1BB0F3D415EBDB0B005ACA0F /* PregledViewController.m */; };
		1BB0F3E115EBDB0B005ACA0F /* SecondViewController.m in Sources */ = {isa = PBXBuildFile; fileRef = 1BB0F3D515EBDB0B005ACA0F /* SecondViewController.m */; };
		1BB0F3E215EBDB0B005ACA0F /* TableCell.m in Sources */ = {isa = PBXBuildFile; fileRef = 1BB0F3D615EBDB0B005ACA0F /* TableCell.m */; };
		1BB0F3E315EBDB0B005ACA0F /* TableHeader.m in Sources */ = {isa = PBXBuildFile; fileRef = 1BB0F3D715EBDB0B005ACA0F /* TableHeader.m */; };
		1BB0F3E415EBDB0B005ACA0F /* UINavigationBarCustom.m in Sources */ = {isa = PBXBuildFile; fileRef = 1BB0F3D815EBDB0B005ACA0F /* UINavigationBarCustom.m */; };
		1BB0F41B15EBDB2D005ACA0F /* ASIAuthenticationDialog.m in Sources */ = {isa = PBXBuildFile; fileRef = 1BB0F3F415EBDB2D005ACA0F /* ASIAuthenticationDialog.m */; settings = {COMPILER_FLAGS = "-fno-objc-arc"; }; };
		1BB0F41C15EBDB2D005ACA0F /* ASIDataCompressor.m in Sources */ = {isa = PBXBuildFile; fileRef = 1BB0F3F715EBDB2D005ACA0F /* ASIDataCompressor.m */; settings = {COMPILER_FLAGS = "-fno-objc-arc"; }; };
		1BB0F41D15EBDB2D005ACA0F /* ASIDataDecompressor.m in Sources */ = {isa = PBXBuildFile; fileRef = 1BB0F3F915EBDB2D005ACA0F /* ASIDataDecompressor.m */; settings = {COMPILER_FLAGS = "-fno-objc-arc"; }; };
		1BB0F41E15EBDB2D005ACA0F /* ASIDownloadCache.m in Sources */ = {isa = PBXBuildFile; fileRef = 1BB0F3FB15EBDB2D005ACA0F /* ASIDownloadCache.m */; settings = {COMPILER_FLAGS = "-fno-objc-arc"; }; };
		1BB0F41F15EBDB2D005ACA0F /* ASIFormDataRequest.m in Sources */ = {isa = PBXBuildFile; fileRef = 1BB0F3FD15EBDB2D005ACA0F /* ASIFormDataRequest.m */; settings = {COMPILER_FLAGS = "-fno-objc-arc"; }; };
		1BB0F42015EBDB2D005ACA0F /* ASIHTTPRequest.m in Sources */ = {isa = PBXBuildFile; fileRef = 1BB0F3FF15EBDB2D005ACA0F /* ASIHTTPRequest.m */; settings = {COMPILER_FLAGS = "-fno-objc-arc"; }; };
		1BB0F42115EBDB2D005ACA0F /* ASIInputStream.m in Sources */ = {isa = PBXBuildFile; fileRef = 1BB0F40315EBDB2D005ACA0F /* ASIInputStream.m */; settings = {COMPILER_FLAGS = "-fno-objc-arc"; }; };
		1BB0F42215EBDB2D005ACA0F /* ASINetworkQueue.m in Sources */ = {isa = PBXBuildFile; fileRef = 1BB0F40515EBDB2D005ACA0F /* ASINetworkQueue.m */; settings = {COMPILER_FLAGS = "-fno-objc-arc"; }; };
		1BB0F42415EBDB2D005ACA0F /* FTAnimation+UIView.m in Sources */ = {isa = PBXBuildFile; fileRef = 1BB0F40C15EBDB2D005ACA0F /* FTAnimation+UIView.m */; };
		1BB0F42515EBDB2D005ACA0F /* FTAnimationManager.m in Sources */ = {isa = PBXBuildFile; fileRef = 1BB0F40F15EBDB2D005ACA0F /* FTAnimationManager.m */; };
		1BB0F42615EBDB2D005ACA0F /* FTUtils+NSObject.m in Sources */ = {isa = PBXBuildFile; fileRef = 1BB0F41115EBDB2D005ACA0F /* FTUtils+NSObject.m */; };
		1BB0F42715EBDB2D005ACA0F /* FTUtils+UIGestureRecognizer.m in Sources */ = {isa = PBXBuildFile; fileRef = 1BB0F41315EBDB2D005ACA0F /* FTUtils+UIGestureRecognizer.m */; };
		1BB0F42815EBDB2D005ACA0F /* JSONKit.m in Sources */ = {isa = PBXBuildFile; fileRef = 1BB0F41715EBDB2D005ACA0F /* JSONKit.m */; settings = {COMPILER_FLAGS = "-fno-objc-arc"; }; };
		1BB0F42915EBDB2D005ACA0F /* Reachability.m in Sources */ = {isa = PBXBuildFile; fileRef = 1BB0F41A15EBDB2D005ACA0F /* Reachability.m */; settings = {COMPILER_FLAGS = "-fno-objc-arc"; }; };
		1BB0F42D15EBDBE1005ACA0F /* CFNetwork.framework in Frameworks */ = {isa = PBXBuildFile; fileRef = 1BB0F42C15EBDBE1005ACA0F /* CFNetwork.framework */; };
		1BB0F42F15EBDBE8005ACA0F /* SystemConfiguration.framework in Frameworks */ = {isa = PBXBuildFile; fileRef = 1BB0F42E15EBDBE8005ACA0F /* SystemConfiguration.framework */; };
		1BB0F43115EBDBEE005ACA0F /* CoreMedia.framework in Frameworks */ = {isa = PBXBuildFile; fileRef = 1BB0F43015EBDBEE005ACA0F /* CoreMedia.framework */; };
		1BB0F43315EBDBF3005ACA0F /* QuartzCore.framework in Frameworks */ = {isa = PBXBuildFile; fileRef = 1BB0F43215EBDBF3005ACA0F /* QuartzCore.framework */; };
		1BB0F43515EBDC01005ACA0F /* EventKitUI.framework in Frameworks */ = {isa = PBXBuildFile; fileRef = 1BB0F43415EBDC01005ACA0F /* EventKitUI.framework */; };
		1BB0F43715EBDC12005ACA0F /* EventKit.framework in Frameworks */ = {isa = PBXBuildFile; fileRef = 1BB0F43615EBDC12005ACA0F /* EventKit.framework */; };
		1BB0F43915EBDC26005ACA0F /* Twitter.framework in Frameworks */ = {isa = PBXBuildFile; fileRef = 1BB0F43815EBDC26005ACA0F /* Twitter.framework */; };
		1BB0F43B15EBDC4A005ACA0F /* libsqlite3.0.dylib in Frameworks */ = {isa = PBXBuildFile; fileRef = 1BB0F43A15EBDC4A005ACA0F /* libsqlite3.0.dylib */; };
		1BB0F43D15EBDC66005ACA0F /* libz.1.2.5.dylib in Frameworks */ = {isa = PBXBuildFile; fileRef = 1BB0F43C15EBDC66005ACA0F /* libz.1.2.5.dylib */; };
		1BB0F43F15EBDC9A005ACA0F /* MobileCoreServices.framework in Frameworks */ = {isa = PBXBuildFile; fileRef = 1BB0F43E15EBDC9A005ACA0F /* MobileCoreServices.framework */; };
		1BB0F46E15EBDCF9005ACA0F /* back.png in Resources */ = {isa = PBXBuildFile; fileRef = 1BB0F44115EBDCF9005ACA0F /* back.png */; };
		1BB0F46F15EBDCF9005ACA0F /* back@2x.png in Resources */ = {isa = PBXBuildFile; fileRef = 1BB0F44215EBDCF9005ACA0F /* back@2x.png */; };
		1BB0F47015EBDCF9005ACA0F /* bottom_line.png in Resources */ = {isa = PBXBuildFile; fileRef = 1BB0F44315EBDCF9005ACA0F /* bottom_line.png */; };
		1BB0F47115EBDCF9005ACA0F /* check.png in Resources */ = {isa = PBXBuildFile; fileRef = 1BB0F44415EBDCF9005ACA0F /* check.png */; };
		1BB0F47215EBDCF9005ACA0F /* check@2x.png in Resources */ = {isa = PBXBuildFile; fileRef = 1BB0F44515EBDCF9005ACA0F /* check@2x.png */; };
		1BB0F47315EBDCF9005ACA0F /* close.png in Resources */ = {isa = PBXBuildFile; fileRef = 1BB0F44615EBDCF9005ACA0F /* close.png */; };
		1BB0F47415EBDCF9005ACA0F /* close@2x.png in Resources */ = {isa = PBXBuildFile; fileRef = 1BB0F44715EBDCF9005ACA0F /* close@2x.png */; };
		1BB0F47715EBDCF9005ACA0F /* dugme.png in Resources */ = {isa = PBXBuildFile; fileRef = 1BB0F44A15EBDCF9005ACA0F /* dugme.png */; };
		1BB0F47815EBDCF9005ACA0F /* dugme3.png in Resources */ = {isa = PBXBuildFile; fileRef = 1BB0F44B15EBDCF9005ACA0F /* dugme3.png */; };
		1BB0F47915EBDCF9005ACA0F /* empty.png in Resources */ = {isa = PBXBuildFile; fileRef = 1BB0F44C15EBDCF9005ACA0F /* empty.png */; };
		1BB0F47A15EBDCF9005ACA0F /* empty@2x.png in Resources */ = {isa = PBXBuildFile; fileRef = 1BB0F44D15EBDCF9005ACA0F /* empty@2x.png */; };
		1BB0F47B15EBDCF9005ACA0F /* facebook.png in Resources */ = {isa = PBXBuildFile; fileRef = 1BB0F44E15EBDCF9005ACA0F /* facebook.png */; };
		1BB0F47C15EBDCF9005ACA0F /* facebook@2x.png in Resources */ = {isa = PBXBuildFile; fileRef = 1BB0F44F15EBDCF9005ACA0F /* facebook@2x.png */; };
		1BB0F47D15EBDCF9005ACA0F /* film.png in Resources */ = {isa = PBXBuildFile; fileRef = 1BB0F45015EBDCF9005ACA0F /* film.png */; };
		1BB0F47E15EBDCF9005ACA0F /* first.png in Resources */ = {isa = PBXBuildFile; fileRef = 1BB0F45115EBDCF9005ACA0F /* first.png */; };
		1BB0F47F15EBDCF9005ACA0F /* first@2x.png in Resources */ = {isa = PBXBuildFile; fileRef = 1BB0F45215EBDCF9005ACA0F /* first@2x.png */; };
		1BB0F48215EBDCF9005ACA0F /* imdb.png in Resources */ = {isa = PBXBuildFile; fileRef = 1BB0F45515EBDCF9005ACA0F /* imdb.png */; };
		1BB0F48315EBDCF9005ACA0F /* imdb@2x.png in Resources */ = {isa = PBXBuildFile; fileRef = 1BB0F45615EBDCF9005ACA0F /* imdb@2x.png */; };
		1BB0F48415EBDCF9005ACA0F /* kino.png in Resources */ = {isa = PBXBuildFile; fileRef = 1BB0F45715EBDCF9005ACA0F /* kino.png */; };
		1BB0F48515EBDCF9005ACA0F /* kino@2x.png in Resources */ = {isa = PBXBuildFile; fileRef = 1BB0F45815EBDCF9005ACA0F /* kino@2x.png */; };
		1BB0F48615EBDCF9005ACA0F /* list-item.png in Resources */ = {isa = PBXBuildFile; fileRef = 1BB0F45915EBDCF9005ACA0F /* list-item.png */; };
		1BB0F48715EBDCF9005ACA0F /* Play.png in Resources */ = {isa = PBXBuildFile; fileRef = 1BB0F45A15EBDCF9005ACA0F /* Play.png */; };
		1BB0F48815EBDCF9005ACA0F /* Play@2x.png in Resources */ = {isa = PBXBuildFile; fileRef = 1BB0F45B15EBDCF9005ACA0F /* Play@2x.png */; };
		1BB0F48915EBDCF9005ACA0F /* RatingStarsBackground.png in Resources */ = {isa = PBXBuildFile; fileRef = 1BB0F45C15EBDCF9005ACA0F /* RatingStarsBackground.png */; };
		1BB0F48A15EBDCF9005ACA0F /* RatingStarsBackground@2x.png in Resources */ = {isa = PBXBuildFile; fileRef = 1BB0F45D15EBDCF9005ACA0F /* RatingStarsBackground@2x.png */; };
		1BB0F48B15EBDCF9005ACA0F /* RatingStarsForeground.png in Resources */ = {isa = PBXBuildFile; fileRef = 1BB0F45E15EBDCF9005ACA0F /* RatingStarsForeground.png */; };
		1BB0F48C15EBDCF9005ACA0F /* RatingStarsForeground@2x.png in Resources */ = {isa = PBXBuildFile; fileRef = 1BB0F45F15EBDCF9005ACA0F /* RatingStarsForeground@2x.png */; };
		1BB0F48D15EBDCF9005ACA0F /* refresh.png in Resources */ = {isa = PBXBuildFile; fileRef = 1BB0F46015EBDCF9005ACA0F /* refresh.png */; };
		1BB0F48E15EBDCF9005ACA0F /* refresh@2x.png in Resources */ = {isa = PBXBuildFile; fileRef = 1BB0F46115EBDCF9005ACA0F /* refresh@2x.png */; };
		1BB0F48F15EBDCF9005ACA0F /* search.png in Resources */ = {isa = PBXBuildFile; fileRef = 1BB0F46215EBDCF9005ACA0F /* search.png */; };
		1BB0F49015EBDCF9005ACA0F /* search@2x.png in Resources */ = {isa = PBXBuildFile; fileRef = 1BB0F46315EBDCF9005ACA0F /* search@2x.png */; };
		1BB0F49115EBDCF9005ACA0F /* second.png in Resources */ = {isa = PBXBuildFile; fileRef = 1BB0F46415EBDCF9005ACA0F /* second.png */; };
		1BB0F49215EBDCF9005ACA0F /* second@2x.png in Resources */ = {isa = PBXBuildFile; fileRef = 1BB0F46515EBDCF9005ACA0F /* second@2x.png */; };
		1BB0F49315EBDCF9005ACA0F /* third.png in Resources */ = {isa = PBXBuildFile; fileRef = 1BB0F46615EBDCF9005ACA0F /* third.png */; };
		1BB0F49415EBDCF9005ACA0F /* third@2x.png in Resources */ = {isa = PBXBuildFile; fileRef = 1BB0F46715EBDCF9005ACA0F /* third@2x.png */; };
		1BB0F49515EBDCF9005ACA0F /* top.png in Resources */ = {isa = PBXBuildFile; fileRef = 1BB0F46815EBDCF9005ACA0F /* top.png */; };
		1BB0F49615EBDCF9005ACA0F /* top@2x.png in Resources */ = {isa = PBXBuildFile; fileRef = 1BB0F46915EBDCF9005ACA0F /* top@2x.png */; };
		1BB0F49715EBDCF9005ACA0F /* twitter.png in Resources */ = {isa = PBXBuildFile; fileRef = 1BB0F46A15EBDCF9005ACA0F /* twitter.png */; };
		1BB0F49815EBDCF9005ACA0F /* twitter@2x.png in Resources */ = {isa = PBXBuildFile; fileRef = 1BB0F46B15EBDCF9005ACA0F /* twitter@2x.png */; };
		1BB0F49915EBDCF9005ACA0F /* UIButtonBarRefresh.png in Resources */ = {isa = PBXBuildFile; fileRef = 1BB0F46C15EBDCF9005ACA0F /* UIButtonBarRefresh.png */; };
		1BB0F49A15EBDCF9005ACA0F /* UIButtonBarRefresh@2x.png in Resources */ = {isa = PBXBuildFile; fileRef = 1BB0F46D15EBDCF9005ACA0F /* UIButtonBarRefresh@2x.png */; };
		1BB0F49C15EBDD18005ACA0F /* Icon.png in Resources */ = {isa = PBXBuildFile; fileRef = 1BB0F49B15EBDD18005ACA0F /* Icon.png */; };
		1BB0F49E15EBDD28005ACA0F /* Icon@2x.png in Resources */ = {isa = PBXBuildFile; fileRef = 1BB0F49D15EBDD28005ACA0F /* Icon@2x.png */; };
		1BB0F4A015EBDD38005ACA0F /* Default.png in Resources */ = {isa = PBXBuildFile; fileRef = 1BB0F49F15EBDD38005ACA0F /* Default.png */; };
		1BB0F4A215EBDD3C005ACA0F /* Default@2x.png in Resources */ = {isa = PBXBuildFile; fileRef = 1BB0F4A115EBDD3C005ACA0F /* Default@2x.png */; };
		1BE903E117410E44002E23F5 /* FacebookSDK.framework in Frameworks */ = {isa = PBXBuildFile; fileRef = 1BE903E017410E44002E23F5 /* FacebookSDK.framework */; };
/* End PBXBuildFile section */

/* Begin PBXFileReference section */
		1BB0F39715EBD997005ACA0F /* Bihoskop.app */ = {isa = PBXFileReference; explicitFileType = wrapper.application; includeInIndex = 0; path = Bihoskop.app; sourceTree = BUILT_PRODUCTS_DIR; };
		1BB0F39B15EBD997005ACA0F /* UIKit.framework */ = {isa = PBXFileReference; lastKnownFileType = wrapper.framework; name = UIKit.framework; path = System/Library/Frameworks/UIKit.framework; sourceTree = SDKROOT; };
		1BB0F39D15EBD997005ACA0F /* Foundation.framework */ = {isa = PBXFileReference; lastKnownFileType = wrapper.framework; name = Foundation.framework; path = System/Library/Frameworks/Foundation.framework; sourceTree = SDKROOT; };
		1BB0F39F15EBD997005ACA0F /* CoreGraphics.framework */ = {isa = PBXFileReference; lastKnownFileType = wrapper.framework; name = CoreGraphics.framework; path = System/Library/Frameworks/CoreGraphics.framework; sourceTree = SDKROOT; };
		1BB0F3A315EBD997005ACA0F /* Bihoskop-Info.plist */ = {isa = PBXFileReference; lastKnownFileType = text.plist.xml; path = "Bihoskop-Info.plist"; sourceTree = "<group>"; };
		1BB0F3A515EBD997005ACA0F /* en */ = {isa = PBXFileReference; lastKnownFileType = text.plist.strings; name = en; path = en.lproj/InfoPlist.strings; sourceTree = "<group>"; };
		1BB0F3A715EBD997005ACA0F /* main.m */ = {isa = PBXFileReference; lastKnownFileType = sourcecode.c.objc; path = main.m; sourceTree = "<group>"; };
		1BB0F3A915EBD997005ACA0F /* Bihoskop-Prefix.pch */ = {isa = PBXFileReference; lastKnownFileType = sourcecode.c.h; path = "Bihoskop-Prefix.pch"; sourceTree = "<group>"; };
		1BB0F3AA15EBD997005ACA0F /* AppDelegate.h */ = {isa = PBXFileReference; lastKnownFileType = sourcecode.c.h; path = AppDelegate.h; sourceTree = "<group>"; };
		1BB0F3AB15EBD997005ACA0F /* AppDelegate.m */ = {isa = PBXFileReference; lastKnownFileType = sourcecode.c.objc; path = AppDelegate.m; sourceTree = "<group>"; };
		1BB0F3B815EBDAEE005ACA0F /* Bioskopi_iPhone.xib */ = {isa = PBXFileReference; fileEncoding = 4; lastKnownFileType = file.xib; path = Bioskopi_iPhone.xib; sourceTree = "<group>"; };
		1BB0F3B915EBDAEE005ACA0F /* DatePicker_iPhone.xib */ = {isa = PBXFileReference; fileEncoding = 4; lastKnownFileType = file.xib; path = DatePicker_iPhone.xib; sourceTree = "<group>"; };
		1BB0F3BA15EBDAEE005ACA0F /* Film.xib */ = {isa = PBXFileReference; fileEncoding = 4; lastKnownFileType = file.xib; path = Film.xib; sourceTree = "<group>"; };
		1BB0F3BB15EBDAEE005ACA0F /* FirstViewController_iPhone.xib */ = {isa = PBXFileReference; fileEncoding = 4; lastKnownFileType = file.xib; path = FirstViewController_iPhone.xib; sourceTree = "<group>"; };
		1BB0F3BC15EBDAEE005ACA0F /* IMDBViewController.xib */ = {isa = PBXFileReference; fileEncoding = 4; lastKnownFileType = file.xib; path = IMDBViewController.xib; sourceTree = "<group>"; };
		1BB0F3BD15EBDAEE005ACA0F /* Pregled_iPhone.xib */ = {isa = PBXFileReference; fileEncoding = 4; lastKnownFileType = file.xib; path = Pregled_iPhone.xib; sourceTree = "<group>"; };
		1BB0F3BE15EBDAEE005ACA0F /* Pregled2_iPhone.xib */ = {isa = PBXFileReference; fileEncoding = 4; lastKnownFileType = file.xib; path = Pregled2_iPhone.xib; sourceTree = "<group>"; };
		1BB0F3BF15EBDAEE005ACA0F /* SecondViewController_iPhone.xib */ = {isa = PBXFileReference; fileEncoding = 4; lastKnownFileType = file.xib; path = SecondViewController_iPhone.xib; sourceTree = "<group>"; };
		1BB0F3C015EBDAEE005ACA0F /* TableCell.xib */ = {isa = PBXFileReference; fileEncoding = 4; lastKnownFileType = file.xib; path = TableCell.xib; sourceTree = "<group>"; };
		1BB0F3C115EBDAEE005ACA0F /* TableHeader.xib */ = {isa = PBXFileReference; fileEncoding = 4; lastKnownFileType = file.xib; path = TableHeader.xib; sourceTree = "<group>"; };
		1BB0F3CD15EBDB0B005ACA0F /* BioskopiViewController.m */ = {isa = PBXFileReference; fileEncoding = 4; lastKnownFileType = sourcecode.c.objc; path = BioskopiViewController.m; sourceTree = "<group>"; };
		1BB0F3CE15EBDB0B005ACA0F /* DataProxy.m */ = {isa = PBXFileReference; fileEncoding = 4; lastKnownFileType = sourcecode.c.objc; path = DataProxy.m; sourceTree = "<group>"; };
		1BB0F3CF15EBDB0B005ACA0F /* DatePickerViewController.m */ = {isa = PBXFileReference; fileEncoding = 4; lastKnownFileType = sourcecode.c.objc; path = DatePickerViewController.m; sourceTree = "<group>"; };
		1BB0F3D015EBDB0B005ACA0F /* FilmViewController.m */ = {isa = PBXFileReference; fileEncoding = 4; lastKnownFileType = sourcecode.c.objc; path = FilmViewController.m; sourceTree = "<group>"; };
		1BB0F3D115EBDB0B005ACA0F /* FirstViewController.m */ = {isa = PBXFileReference; fileEncoding = 4; lastKnownFileType = sourcecode.c.objc; path = FirstViewController.m; sourceTree = "<group>"; };
		1BB0F3D215EBDB0B005ACA0F /* IMDBViewController.m */ = {isa = PBXFileReference; fileEncoding = 4; lastKnownFileType = sourcecode.c.objc; path = IMDBViewController.m; sourceTree = "<group>"; };
		1BB0F3D315EBDB0B005ACA0F /* Pregled2ViewController.m */ = {isa = PBXFileReference; fileEncoding = 4; lastKnownFileType = sourcecode.c.objc; path = Pregled2ViewController.m; sourceTree = "<group>"; };
		1BB0F3D415EBDB0B005ACA0F /* PregledViewController.m */ = {isa = PBXFileReference; fileEncoding = 4; lastKnownFileType = sourcecode.c.objc; path = PregledViewController.m; sourceTree = "<group>"; };
		1BB0F3D515EBDB0B005ACA0F /* SecondViewController.m */ = {isa = PBXFileReference; fileEncoding = 4; lastKnownFileType = sourcecode.c.objc; path = SecondViewController.m; sourceTree = "<group>"; };
		1BB0F3D615EBDB0B005ACA0F /* TableCell.m */ = {isa = PBXFileReference; fileEncoding = 4; lastKnownFileType = sourcecode.c.objc; path = TableCell.m; sourceTree = "<group>"; };
		1BB0F3D715EBDB0B005ACA0F /* TableHeader.m */ = {isa = PBXFileReference; fileEncoding = 4; lastKnownFileType = sourcecode.c.objc; path = TableHeader.m; sourceTree = "<group>"; };
		1BB0F3D815EBDB0B005ACA0F /* UINavigationBarCustom.m */ = {isa = PBXFileReference; fileEncoding = 4; lastKnownFileType = sourcecode.c.objc; path = UINavigationBarCustom.m; sourceTree = "<group>"; };
		1BB0F3E515EBDB17005ACA0F /* BioskopiViewController.h */ = {isa = PBXFileReference; lastKnownFileType = sourcecode.c.h; path = BioskopiViewController.h; sourceTree = "<group>"; };
		1BB0F3E615EBDB17005ACA0F /* DataProxy.h */ = {isa = PBXFileReference; lastKnownFileType = sourcecode.c.h; path = DataProxy.h; sourceTree = "<group>"; };
		1BB0F3E715EBDB17005ACA0F /* DatePickerViewController.h */ = {isa = PBXFileReference; lastKnownFileType = sourcecode.c.h; path = DatePickerViewController.h; sourceTree = "<group>"; };
		1BB0F3E815EBDB17005ACA0F /* FilmViewController.h */ = {isa = PBXFileReference; lastKnownFileType = sourcecode.c.h; path = FilmViewController.h; sourceTree = "<group>"; };
		1BB0F3E915EBDB17005ACA0F /* FirstViewController.h */ = {isa = PBXFileReference; lastKnownFileType = sourcecode.c.h; path = FirstViewController.h; sourceTree = "<group>"; };
		1BB0F3EA15EBDB17005ACA0F /* IMDBViewController.h */ = {isa = PBXFileReference; lastKnownFileType = sourcecode.c.h; path = IMDBViewController.h; sourceTree = "<group>"; };
		1BB0F3EB15EBDB17005ACA0F /* Pregled2ViewController.h */ = {isa = PBXFileReference; lastKnownFileType = sourcecode.c.h; path = Pregled2ViewController.h; sourceTree = "<group>"; };
		1BB0F3EC15EBDB17005ACA0F /* PregledViewController.h */ = {isa = PBXFileReference; lastKnownFileType = sourcecode.c.h; path = PregledViewController.h; sourceTree = "<group>"; };
		1BB0F3ED15EBDB17005ACA0F /* SecondViewController.h */ = {isa = PBXFileReference; lastKnownFileType = sourcecode.c.h; path = SecondViewController.h; sourceTree = "<group>"; };
		1BB0F3EE15EBDB17005ACA0F /* TableCell.h */ = {isa = PBXFileReference; lastKnownFileType = sourcecode.c.h; path = TableCell.h; sourceTree = "<group>"; };
		1BB0F3EF15EBDB17005ACA0F /* TableHeader.h */ = {isa = PBXFileReference; lastKnownFileType = sourcecode.c.h; path = TableHeader.h; sourceTree = "<group>"; };
		1BB0F3F015EBDB17005ACA0F /* UINavigationBarCustom.h */ = {isa = PBXFileReference; lastKnownFileType = sourcecode.c.h; path = UINavigationBarCustom.h; sourceTree = "<group>"; };
		1BB0F3F315EBDB2D005ACA0F /* ASIAuthenticationDialog.h */ = {isa = PBXFileReference; fileEncoding = 4; lastKnownFileType = sourcecode.c.h; path = ASIAuthenticationDialog.h; sourceTree = "<group>"; };
		1BB0F3F415EBDB2D005ACA0F /* ASIAuthenticationDialog.m */ = {isa = PBXFileReference; fileEncoding = 4; lastKnownFileType = sourcecode.c.objc; path = ASIAuthenticationDialog.m; sourceTree = "<group>"; };
		1BB0F3F515EBDB2D005ACA0F /* ASICacheDelegate.h */ = {isa = PBXFileReference; fileEncoding = 4; lastKnownFileType = sourcecode.c.h; path = ASICacheDelegate.h; sourceTree = "<group>"; };
		1BB0F3F615EBDB2D005ACA0F /* ASIDataCompressor.h */ = {isa = PBXFileReference; fileEncoding = 4; lastKnownFileType = sourcecode.c.h; path = ASIDataCompressor.h; sourceTree = "<group>"; };
		1BB0F3F715EBDB2D005ACA0F /* ASIDataCompressor.m */ = {isa = PBXFileReference; fileEncoding = 4; lastKnownFileType = sourcecode.c.objc; path = ASIDataCompressor.m; sourceTree = "<group>"; };
		1BB0F3F815EBDB2D005ACA0F /* ASIDataDecompressor.h */ = {isa = PBXFileReference; fileEncoding = 4; lastKnownFileType = sourcecode.c.h; path = ASIDataDecompressor.h; sourceTree = "<group>"; };
		1BB0F3F915EBDB2D005ACA0F /* ASIDataDecompressor.m */ = {isa = PBXFileReference; fileEncoding = 4; lastKnownFileType = sourcecode.c.objc; path = ASIDataDecompressor.m; sourceTree = "<group>"; };
		1BB0F3FA15EBDB2D005ACA0F /* ASIDownloadCache.h */ = {isa = PBXFileReference; fileEncoding = 4; lastKnownFileType = sourcecode.c.h; path = ASIDownloadCache.h; sourceTree = "<group>"; };
		1BB0F3FB15EBDB2D005ACA0F /* ASIDownloadCache.m */ = {isa = PBXFileReference; fileEncoding = 4; lastKnownFileType = sourcecode.c.objc; path = ASIDownloadCache.m; sourceTree = "<group>"; };
		1BB0F3FC15EBDB2D005ACA0F /* ASIFormDataRequest.h */ = {isa = PBXFileReference; fileEncoding = 4; lastKnownFileType = sourcecode.c.h; path = ASIFormDataRequest.h; sourceTree = "<group>"; };
		1BB0F3FD15EBDB2D005ACA0F /* ASIFormDataRequest.m */ = {isa = PBXFileReference; fileEncoding = 4; lastKnownFileType = sourcecode.c.objc; path = ASIFormDataRequest.m; sourceTree = "<group>"; };
		1BB0F3FE15EBDB2D005ACA0F /* ASIHTTPRequest.h */ = {isa = PBXFileReference; fileEncoding = 4; lastKnownFileType = sourcecode.c.h; path = ASIHTTPRequest.h; sourceTree = "<group>"; };
		1BB0F3FF15EBDB2D005ACA0F /* ASIHTTPRequest.m */ = {isa = PBXFileReference; fileEncoding = 4; lastKnownFileType = sourcecode.c.objc; path = ASIHTTPRequest.m; sourceTree = "<group>"; };
		1BB0F40015EBDB2D005ACA0F /* ASIHTTPRequestConfig.h */ = {isa = PBXFileReference; fileEncoding = 4; lastKnownFileType = sourcecode.c.h; path = ASIHTTPRequestConfig.h; sourceTree = "<group>"; };
		1BB0F40115EBDB2D005ACA0F /* ASIHTTPRequestDelegate.h */ = {isa = PBXFileReference; fileEncoding = 4; lastKnownFileType = sourcecode.c.h; path = ASIHTTPRequestDelegate.h; sourceTree = "<group>"; };
		1BB0F40215EBDB2D005ACA0F /* ASIInputStream.h */ = {isa = PBXFileReference; fileEncoding = 4; lastKnownFileType = sourcecode.c.h; path = ASIInputStream.h; sourceTree = "<group>"; };
		1BB0F40315EBDB2D005ACA0F /* ASIInputStream.m */ = {isa = PBXFileReference; fileEncoding = 4; lastKnownFileType = sourcecode.c.objc; path = ASIInputStream.m; sourceTree = "<group>"; };
		1BB0F40415EBDB2D005ACA0F /* ASINetworkQueue.h */ = {isa = PBXFileReference; fileEncoding = 4; lastKnownFileType = sourcecode.c.h; path = ASINetworkQueue.h; sourceTree = "<group>"; };
		1BB0F40515EBDB2D005ACA0F /* ASINetworkQueue.m */ = {isa = PBXFileReference; fileEncoding = 4; lastKnownFileType = sourcecode.c.objc; path = ASINetworkQueue.m; sourceTree = "<group>"; };
		1BB0F40615EBDB2D005ACA0F /* ASIProgressDelegate.h */ = {isa = PBXFileReference; fileEncoding = 4; lastKnownFileType = sourcecode.c.h; path = ASIProgressDelegate.h; sourceTree = "<group>"; };
		1BB0F40815EBDB2D005ACA0F /* ASIWebPageRequest.h */ = {isa = PBXFileReference; fileEncoding = 4; lastKnownFileType = sourcecode.c.h; path = ASIWebPageRequest.h; sourceTree = "<group>"; };
		1BB0F40915EBDB2D005ACA0F /* ASIWebPageRequest.m */ = {isa = PBXFileReference; fileEncoding = 4; lastKnownFileType = sourcecode.c.objc; path = ASIWebPageRequest.m; sourceTree = "<group>"; };
		1BB0F40B15EBDB2D005ACA0F /* FTAnimation+UIView.h */ = {isa = PBXFileReference; fileEncoding = 4; lastKnownFileType = sourcecode.c.h; path = "FTAnimation+UIView.h"; sourceTree = "<group>"; };
		1BB0F40C15EBDB2D005ACA0F /* FTAnimation+UIView.m */ = {isa = PBXFileReference; fileEncoding = 4; lastKnownFileType = sourcecode.c.objc; path = "FTAnimation+UIView.m"; sourceTree = "<group>"; };
		1BB0F40D15EBDB2D005ACA0F /* FTAnimation.h */ = {isa = PBXFileReference; fileEncoding = 4; lastKnownFileType = sourcecode.c.h; path = FTAnimation.h; sourceTree = "<group>"; };
		1BB0F40E15EBDB2D005ACA0F /* FTAnimationManager.h */ = {isa = PBXFileReference; fileEncoding = 4; lastKnownFileType = sourcecode.c.h; path = FTAnimationManager.h; sourceTree = "<group>"; };
		1BB0F40F15EBDB2D005ACA0F /* FTAnimationManager.m */ = {isa = PBXFileReference; fileEncoding = 4; lastKnownFileType = sourcecode.c.objc; path = FTAnimationManager.m; sourceTree = "<group>"; };
		1BB0F41015EBDB2D005ACA0F /* FTUtils+NSObject.h */ = {isa = PBXFileReference; fileEncoding = 4; lastKnownFileType = sourcecode.c.h; path = "FTUtils+NSObject.h"; sourceTree = "<group>"; };
		1BB0F41115EBDB2D005ACA0F /* FTUtils+NSObject.m */ = {isa = PBXFileReference; fileEncoding = 4; lastKnownFileType = sourcecode.c.objc; path = "FTUtils+NSObject.m"; sourceTree = "<group>"; };
		1BB0F41215EBDB2D005ACA0F /* FTUtils+UIGestureRecognizer.h */ = {isa = PBXFileReference; fileEncoding = 4; lastKnownFileType = sourcecode.c.h; path = "FTUtils+UIGestureRecognizer.h"; sourceTree = "<group>"; };
		1BB0F41315EBDB2D005ACA0F /* FTUtils+UIGestureRecognizer.m */ = {isa = PBXFileReference; fileEncoding = 4; lastKnownFileType = sourcecode.c.objc; path = "FTUtils+UIGestureRecognizer.m"; sourceTree = "<group>"; };
		1BB0F41415EBDB2D005ACA0F /* FTUtils.h */ = {isa = PBXFileReference; fileEncoding = 4; lastKnownFileType = sourcecode.c.h; path = FTUtils.h; sourceTree = "<group>"; };
		1BB0F41615EBDB2D005ACA0F /* JSONKit.h */ = {isa = PBXFileReference; fileEncoding = 4; lastKnownFileType = sourcecode.c.h; path = JSONKit.h; sourceTree = "<group>"; };
		1BB0F41715EBDB2D005ACA0F /* JSONKit.m */ = {isa = PBXFileReference; fileEncoding = 4; lastKnownFileType = sourcecode.c.objc; path = JSONKit.m; sourceTree = "<group>"; };
		1BB0F41915EBDB2D005ACA0F /* Reachability.h */ = {isa = PBXFileReference; fileEncoding = 4; lastKnownFileType = sourcecode.c.h; path = Reachability.h; sourceTree = "<group>"; };
		1BB0F41A15EBDB2D005ACA0F /* Reachability.m */ = {isa = PBXFileReference; fileEncoding = 4; lastKnownFileType = sourcecode.c.objc; path = Reachability.m; sourceTree = "<group>"; };
		1BB0F42C15EBDBE1005ACA0F /* CFNetwork.framework */ = {isa = PBXFileReference; lastKnownFileType = wrapper.framework; name = CFNetwork.framework; path = System/Library/Frameworks/CFNetwork.framework; sourceTree = SDKROOT; };
		1BB0F42E15EBDBE8005ACA0F /* SystemConfiguration.framework */ = {isa = PBXFileReference; lastKnownFileType = wrapper.framework; name = SystemConfiguration.framework; path = System/Library/Frameworks/SystemConfiguration.framework; sourceTree = SDKROOT; };
		1BB0F43015EBDBEE005ACA0F /* CoreMedia.framework */ = {isa = PBXFileReference; lastKnownFileType = wrapper.framework; name = CoreMedia.framework; path = System/Library/Frameworks/CoreMedia.framework; sourceTree = SDKROOT; };
		1BB0F43215EBDBF3005ACA0F /* QuartzCore.framework */ = {isa = PBXFileReference; lastKnownFileType = wrapper.framework; name = QuartzCore.framework; path = System/Library/Frameworks/QuartzCore.framework; sourceTree = SDKROOT; };
		1BB0F43415EBDC01005ACA0F /* EventKitUI.framework */ = {isa = PBXFileReference; lastKnownFileType = wrapper.framework; name = EventKitUI.framework; path = System/Library/Frameworks/EventKitUI.framework; sourceTree = SDKROOT; };
		1BB0F43615EBDC12005ACA0F /* EventKit.framework */ = {isa = PBXFileReference; lastKnownFileType = wrapper.framework; name = EventKit.framework; path = System/Library/Frameworks/EventKit.framework; sourceTree = SDKROOT; };
		1BB0F43815EBDC26005ACA0F /* Twitter.framework */ = {isa = PBXFileReference; lastKnownFileType = wrapper.framework; name = Twitter.framework; path = System/Library/Frameworks/Twitter.framework; sourceTree = SDKROOT; };
		1BB0F43A15EBDC4A005ACA0F /* libsqlite3.0.dylib */ = {isa = PBXFileReference; lastKnownFileType = "compiled.mach-o.dylib"; name = libsqlite3.0.dylib; path = usr/lib/libsqlite3.0.dylib; sourceTree = SDKROOT; };
		1BB0F43C15EBDC66005ACA0F /* libz.1.2.5.dylib */ = {isa = PBXFileReference; lastKnownFileType = "compiled.mach-o.dylib"; name = libz.1.2.5.dylib; path = usr/lib/libz.1.2.5.dylib; sourceTree = SDKROOT; };
		1BB0F43E15EBDC9A005ACA0F /* MobileCoreServices.framework */ = {isa = PBXFileReference; lastKnownFileType = wrapper.framework; name = MobileCoreServices.framework; path = System/Library/Frameworks/MobileCoreServices.framework; sourceTree = SDKROOT; };
		1BB0F44115EBDCF9005ACA0F /* back.png */ = {isa = PBXFileReference; lastKnownFileType = image.png; path = back.png; sourceTree = "<group>"; };
		1BB0F44215EBDCF9005ACA0F /* back@2x.png */ = {isa = PBXFileReference; lastKnownFileType = image.png; path = "back@2x.png"; sourceTree = "<group>"; };
		1BB0F44315EBDCF9005ACA0F /* bottom_line.png */ = {isa = PBXFileReference; lastKnownFileType = image.png; path = bottom_line.png; sourceTree = "<group>"; };
		1BB0F44415EBDCF9005ACA0F /* check.png */ = {isa = PBXFileReference; lastKnownFileType = image.png; path = check.png; sourceTree = "<group>"; };
		1BB0F44515EBDCF9005ACA0F /* check@2x.png */ = {isa = PBXFileReference; lastKnownFileType = image.png; path = "check@2x.png"; sourceTree = "<group>"; };
		1BB0F44615EBDCF9005ACA0F /* close.png */ = {isa = PBXFileReference; lastKnownFileType = image.png; path = close.png; sourceTree = "<group>"; };
		1BB0F44715EBDCF9005ACA0F /* close@2x.png */ = {isa = PBXFileReference; lastKnownFileType = image.png; path = "close@2x.png"; sourceTree = "<group>"; };
		1BB0F44A15EBDCF9005ACA0F /* dugme.png */ = {isa = PBXFileReference; lastKnownFileType = image.png; path = dugme.png; sourceTree = "<group>"; };
		1BB0F44B15EBDCF9005ACA0F /* dugme3.png */ = {isa = PBXFileReference; lastKnownFileType = image.png; path = dugme3.png; sourceTree = "<group>"; };
		1BB0F44C15EBDCF9005ACA0F /* empty.png */ = {isa = PBXFileReference; lastKnownFileType = image.png; path = empty.png; sourceTree = "<group>"; };
		1BB0F44D15EBDCF9005ACA0F /* empty@2x.png */ = {isa = PBXFileReference; lastKnownFileType = image.png; path = "empty@2x.png"; sourceTree = "<group>"; };
		1BB0F44E15EBDCF9005ACA0F /* facebook.png */ = {isa = PBXFileReference; lastKnownFileType = image.png; path = facebook.png; sourceTree = "<group>"; };
		1BB0F44F15EBDCF9005ACA0F /* facebook@2x.png */ = {isa = PBXFileReference; lastKnownFileType = image.png; path = "facebook@2x.png"; sourceTree = "<group>"; };
		1BB0F45015EBDCF9005ACA0F /* film.png */ = {isa = PBXFileReference; lastKnownFileType = image.png; path = film.png; sourceTree = "<group>"; };
		1BB0F45115EBDCF9005ACA0F /* first.png */ = {isa = PBXFileReference; lastKnownFileType = image.png; path = first.png; sourceTree = "<group>"; };
		1BB0F45215EBDCF9005ACA0F /* first@2x.png */ = {isa = PBXFileReference; lastKnownFileType = image.png; path = "first@2x.png"; sourceTree = "<group>"; };
		1BB0F45515EBDCF9005ACA0F /* imdb.png */ = {isa = PBXFileReference; lastKnownFileType = image.png; path = imdb.png; sourceTree = "<group>"; };
		1BB0F45615EBDCF9005ACA0F /* imdb@2x.png */ = {isa = PBXFileReference; lastKnownFileType = image.png; path = "imdb@2x.png"; sourceTree = "<group>"; };
		1BB0F45715EBDCF9005ACA0F /* kino.png */ = {isa = PBXFileReference; lastKnownFileType = image.png; path = kino.png; sourceTree = "<group>"; };
		1BB0F45815EBDCF9005ACA0F /* kino@2x.png */ = {isa = PBXFileReference; lastKnownFileType = image.png; path = "kino@2x.png"; sourceTree = "<group>"; };
		1BB0F45915EBDCF9005ACA0F /* list-item.png */ = {isa = PBXFileReference; lastKnownFileType = image.png; path = "list-item.png"; sourceTree = "<group>"; };
		1BB0F45A15EBDCF9005ACA0F /* Play.png */ = {isa = PBXFileReference; lastKnownFileType = image.png; path = Play.png; sourceTree = "<group>"; };
		1BB0F45B15EBDCF9005ACA0F /* Play@2x.png */ = {isa = PBXFileReference; lastKnownFileType = image.png; path = "Play@2x.png"; sourceTree = "<group>"; };
		1BB0F45C15EBDCF9005ACA0F /* RatingStarsBackground.png */ = {isa = PBXFileReference; lastKnownFileType = image.png; path = RatingStarsBackground.png; sourceTree = "<group>"; };
		1BB0F45D15EBDCF9005ACA0F /* RatingStarsBackground@2x.png */ = {isa = PBXFileReference; lastKnownFileType = image.png; path = "RatingStarsBackground@2x.png"; sourceTree = "<group>"; };
		1BB0F45E15EBDCF9005ACA0F /* RatingStarsForeground.png */ = {isa = PBXFileReference; lastKnownFileType = image.png; path = RatingStarsForeground.png; sourceTree = "<group>"; };
		1BB0F45F15EBDCF9005ACA0F /* RatingStarsForeground@2x.png */ = {isa = PBXFileReference; lastKnownFileType = image.png; path = "RatingStarsForeground@2x.png"; sourceTree = "<group>"; };
		1BB0F46015EBDCF9005ACA0F /* refresh.png */ = {isa = PBXFileReference; lastKnownFileType = image.png; path = refresh.png; sourceTree = "<group>"; };
		1BB0F46115EBDCF9005ACA0F /* refresh@2x.png */ = {isa = PBXFileReference; lastKnownFileType = image.png; path = "refresh@2x.png"; sourceTree = "<group>"; };
		1BB0F46215EBDCF9005ACA0F /* search.png */ = {isa = PBXFileReference; lastKnownFileType = image.png; path = search.png; sourceTree = "<group>"; };
		1BB0F46315EBDCF9005ACA0F /* search@2x.png */ = {isa = PBXFileReference; lastKnownFileType = image.png; path = "search@2x.png"; sourceTree = "<group>"; };
		1BB0F46415EBDCF9005ACA0F /* second.png */ = {isa = PBXFileReference; lastKnownFileType = image.png; path = second.png; sourceTree = "<group>"; };
		1BB0F46515EBDCF9005ACA0F /* second@2x.png */ = {isa = PBXFileReference; lastKnownFileType = image.png; path = "second@2x.png"; sourceTree = "<group>"; };
		1BB0F46615EBDCF9005ACA0F /* third.png */ = {isa = PBXFileReference; lastKnownFileType = image.png; path = third.png; sourceTree = "<group>"; };
		1BB0F46715EBDCF9005ACA0F /* third@2x.png */ = {isa = PBXFileReference; lastKnownFileType = image.png; path = "third@2x.png"; sourceTree = "<group>"; };
		1BB0F46815EBDCF9005ACA0F /* top.png */ = {isa = PBXFileReference; lastKnownFileType = image.png; path = top.png; sourceTree = "<group>"; };
		1BB0F46915EBDCF9005ACA0F /* top@2x.png */ = {isa = PBXFileReference; lastKnownFileType = image.png; path = "top@2x.png"; sourceTree = "<group>"; };
		1BB0F46A15EBDCF9005ACA0F /* twitter.png */ = {isa = PBXFileReference; lastKnownFileType = image.png; path = twitter.png; sourceTree = "<group>"; };
		1BB0F46B15EBDCF9005ACA0F /* twitter@2x.png */ = {isa = PBXFileReference; lastKnownFileType = image.png; path = "twitter@2x.png"; sourceTree = "<group>"; };
		1BB0F46C15EBDCF9005ACA0F /* UIButtonBarRefresh.png */ = {isa = PBXFileReference; lastKnownFileType = image.png; path = UIButtonBarRefresh.png; sourceTree = "<group>"; };
		1BB0F46D15EBDCF9005ACA0F /* UIButtonBarRefresh@2x.png */ = {isa = PBXFileReference; lastKnownFileType = image.png; path = "UIButtonBarRefresh@2x.png"; sourceTree = "<group>"; };
		1BB0F49B15EBDD18005ACA0F /* Icon.png */ = {isa = PBXFileReference; lastKnownFileType = image.png; name = Icon.png; path = ../../Icon.png; sourceTree = "<group>"; };
		1BB0F49D15EBDD28005ACA0F /* Icon@2x.png */ = {isa = PBXFileReference; lastKnownFileType = image.png; name = "Icon@2x.png"; path = "../../Icon@2x.png"; sourceTree = "<group>"; };
		1BB0F49F15EBDD38005ACA0F /* Default.png */ = {isa = PBXFileReference; lastKnownFileType = image.png; name = Default.png; path = ../../Default.png; sourceTree = "<group>"; };
		1BB0F4A115EBDD3C005ACA0F /* Default@2x.png */ = {isa = PBXFileReference; lastKnownFileType = image.png; name = "Default@2x.png"; path = "../../Default@2x.png"; sourceTree = "<group>"; };
		1BE903E017410E44002E23F5 /* FacebookSDK.framework */ = {isa = PBXFileReference; lastKnownFileType = wrapper.framework; path = FacebookSDK.framework; sourceTree = "<group>"; };
/* End PBXFileReference section */

/* Begin PBXFrameworksBuildPhase section */
		1BB0F39415EBD997005ACA0F /* Frameworks */ = {
			isa = PBXFrameworksBuildPhase;
			buildActionMask = 2147483647;
			files = (
				1BB0F43F15EBDC9A005ACA0F /* MobileCoreServices.framework in Frameworks */,
				1BB0F43D15EBDC66005ACA0F /* libz.1.2.5.dylib in Frameworks */,
				1BB0F43B15EBDC4A005ACA0F /* libsqlite3.0.dylib in Frameworks */,
				1BB0F43915EBDC26005ACA0F /* Twitter.framework in Frameworks */,
				1BB0F43715EBDC12005ACA0F /* EventKit.framework in Frameworks */,
				1BB0F43515EBDC01005ACA0F /* EventKitUI.framework in Frameworks */,
				1BB0F43315EBDBF3005ACA0F /* QuartzCore.framework in Frameworks */,
				1BB0F43115EBDBEE005ACA0F /* CoreMedia.framework in Frameworks */,
				1BB0F42F15EBDBE8005ACA0F /* SystemConfiguration.framework in Frameworks */,
				1BB0F42D15EBDBE1005ACA0F /* CFNetwork.framework in Frameworks */,
				1BB0F39C15EBD997005ACA0F /* UIKit.framework in Frameworks */,
				1BB0F39E15EBD997005ACA0F /* Foundation.framework in Frameworks */,
				1BB0F3A015EBD997005ACA0F /* CoreGraphics.framework in Frameworks */,
				1BE903E117410E44002E23F5 /* FacebookSDK.framework in Frameworks */,
			);
			runOnlyForDeploymentPostprocessing = 0;
		};
/* End PBXFrameworksBuildPhase section */

/* Begin PBXGroup section */
		1BB0F38C15EBD997005ACA0F = {
			isa = PBXGroup;
			children = (
				1BB0F3A115EBD997005ACA0F /* Bihoskop */,
				1BB0F39A15EBD997005ACA0F /* Frameworks */,
				1BB0F39815EBD997005ACA0F /* Products */,
			);
			sourceTree = "<group>";
		};
		1BB0F39815EBD997005ACA0F /* Products */ = {
			isa = PBXGroup;
			children = (
				1BB0F39715EBD997005ACA0F /* Bihoskop.app */,
			);
			name = Products;
			sourceTree = "<group>";
		};
		1BB0F39A15EBD997005ACA0F /* Frameworks */ = {
			isa = PBXGroup;
			children = (
				1BE903E017410E44002E23F5 /* FacebookSDK.framework */,
				1BB0F43E15EBDC9A005ACA0F /* MobileCoreServices.framework */,
				1BB0F43C15EBDC66005ACA0F /* libz.1.2.5.dylib */,
				1BB0F43A15EBDC4A005ACA0F /* libsqlite3.0.dylib */,
				1BB0F43815EBDC26005ACA0F /* Twitter.framework */,
				1BB0F43615EBDC12005ACA0F /* EventKit.framework */,
				1BB0F43415EBDC01005ACA0F /* EventKitUI.framework */,
				1BB0F43215EBDBF3005ACA0F /* QuartzCore.framework */,
				1BB0F43015EBDBEE005ACA0F /* CoreMedia.framework */,
				1BB0F42E15EBDBE8005ACA0F /* SystemConfiguration.framework */,
				1BB0F42C15EBDBE1005ACA0F /* CFNetwork.framework */,
				1BB0F39B15EBD997005ACA0F /* UIKit.framework */,
				1BB0F39D15EBD997005ACA0F /* Foundation.framework */,
				1BB0F39F15EBD997005ACA0F /* CoreGraphics.framework */,
			);
			name = Frameworks;
			sourceTree = "<group>";
		};
		1BB0F3A115EBD997005ACA0F /* Bihoskop */ = {
			isa = PBXGroup;
			children = (
				1BB0F44015EBDCF9005ACA0F /* grafika */,
				1BB0F3CC15EBDAF2005ACA0F /* code */,
				1BB0F3B615EBDADE005ACA0F /* pogledi */,
				1BB0F3AA15EBD997005ACA0F /* AppDelegate.h */,
				1BB0F3AB15EBD997005ACA0F /* AppDelegate.m */,
				1BB0F3A215EBD997005ACA0F /* Supporting Files */,
			);
			path = Bihoskop;
			sourceTree = "<group>";
		};
		1BB0F3A215EBD997005ACA0F /* Supporting Files */ = {
			isa = PBXGroup;
			children = (
				1BB0F3A315EBD997005ACA0F /* Bihoskop-Info.plist */,
				1BB0F3A415EBD997005ACA0F /* InfoPlist.strings */,
				1BB0F3A715EBD997005ACA0F /* main.m */,
				1BB0F3A915EBD997005ACA0F /* Bihoskop-Prefix.pch */,
			);
			name = "Supporting Files";
			sourceTree = "<group>";
		};
		1BB0F3B615EBDADE005ACA0F /* pogledi */ = {
			isa = PBXGroup;
			children = (
				1BB0F3B815EBDAEE005ACA0F /* Bioskopi_iPhone.xib */,
				1BB0F3B915EBDAEE005ACA0F /* DatePicker_iPhone.xib */,
				1BB0F3BA15EBDAEE005ACA0F /* Film.xib */,
				1BB0F3BB15EBDAEE005ACA0F /* FirstViewController_iPhone.xib */,
				1BB0F3BC15EBDAEE005ACA0F /* IMDBViewController.xib */,
				1BB0F3BD15EBDAEE005ACA0F /* Pregled_iPhone.xib */,
				1BB0F3BE15EBDAEE005ACA0F /* Pregled2_iPhone.xib */,
				1BB0F3BF15EBDAEE005ACA0F /* SecondViewController_iPhone.xib */,
				1BB0F3C015EBDAEE005ACA0F /* TableCell.xib */,
				1BB0F3C115EBDAEE005ACA0F /* TableHeader.xib */,
			);
			name = pogledi;
			sourceTree = "<group>";
		};
		1BB0F3CC15EBDAF2005ACA0F /* code */ = {
			isa = PBXGroup;
			children = (
				1BB0F3F115EBDB20005ACA0F /* support */,
				1BB0F3E515EBDB17005ACA0F /* BioskopiViewController.h */,
				1BB0F3E615EBDB17005ACA0F /* DataProxy.h */,
				1BB0F3E715EBDB17005ACA0F /* DatePickerViewController.h */,
				1BB0F3E815EBDB17005ACA0F /* FilmViewController.h */,
				1BB0F3E915EBDB17005ACA0F /* FirstViewController.h */,
				1BB0F3EA15EBDB17005ACA0F /* IMDBViewController.h */,
				1BB0F3EB15EBDB17005ACA0F /* Pregled2ViewController.h */,
				1BB0F3EC15EBDB17005ACA0F /* PregledViewController.h */,
				1BB0F3ED15EBDB17005ACA0F /* SecondViewController.h */,
				1BB0F3EE15EBDB17005ACA0F /* TableCell.h */,
				1BB0F3EF15EBDB17005ACA0F /* TableHeader.h */,
				1BB0F3F015EBDB17005ACA0F /* UINavigationBarCustom.h */,
				1BB0F3CD15EBDB0B005ACA0F /* BioskopiViewController.m */,
				1BB0F3CE15EBDB0B005ACA0F /* DataProxy.m */,
				1BB0F3CF15EBDB0B005ACA0F /* DatePickerViewController.m */,
				1BB0F3D015EBDB0B005ACA0F /* FilmViewController.m */,
				1BB0F3D115EBDB0B005ACA0F /* FirstViewController.m */,
				1BB0F3D215EBDB0B005ACA0F /* IMDBViewController.m */,
				1BB0F3D315EBDB0B005ACA0F /* Pregled2ViewController.m */,
				1BB0F3D415EBDB0B005ACA0F /* PregledViewController.m */,
				1BB0F3D515EBDB0B005ACA0F /* SecondViewController.m */,
				1BB0F3D615EBDB0B005ACA0F /* TableCell.m */,
				1BB0F3D715EBDB0B005ACA0F /* TableHeader.m */,
				1BB0F3D815EBDB0B005ACA0F /* UINavigationBarCustom.m */,
			);
			name = code;
			sourceTree = "<group>";
		};
		1BB0F3F115EBDB20005ACA0F /* support */ = {
			isa = PBXGroup;
			children = (
				1BB0F3F215EBDB2D005ACA0F /* ASIRequest */,
				1BB0F40A15EBDB2D005ACA0F /* FTUtils */,
				1BB0F41515EBDB2D005ACA0F /* JSONKit */,
				1BB0F41815EBDB2D005ACA0F /* Reachability */,
			);
			name = support;
			sourceTree = "<group>";
		};
		1BB0F3F215EBDB2D005ACA0F /* ASIRequest */ = {
			isa = PBXGroup;
			children = (
				1BB0F3F315EBDB2D005ACA0F /* ASIAuthenticationDialog.h */,
				1BB0F3F415EBDB2D005ACA0F /* ASIAuthenticationDialog.m */,
				1BB0F3F515EBDB2D005ACA0F /* ASICacheDelegate.h */,
				1BB0F3F615EBDB2D005ACA0F /* ASIDataCompressor.h */,
				1BB0F3F715EBDB2D005ACA0F /* ASIDataCompressor.m */,
				1BB0F3F815EBDB2D005ACA0F /* ASIDataDecompressor.h */,
				1BB0F3F915EBDB2D005ACA0F /* ASIDataDecompressor.m */,
				1BB0F3FA15EBDB2D005ACA0F /* ASIDownloadCache.h */,
				1BB0F3FB15EBDB2D005ACA0F /* ASIDownloadCache.m */,
				1BB0F3FC15EBDB2D005ACA0F /* ASIFormDataRequest.h */,
				1BB0F3FD15EBDB2D005ACA0F /* ASIFormDataRequest.m */,
				1BB0F3FE15EBDB2D005ACA0F /* ASIHTTPRequest.h */,
				1BB0F3FF15EBDB2D005ACA0F /* ASIHTTPRequest.m */,
				1BB0F40015EBDB2D005ACA0F /* ASIHTTPRequestConfig.h */,
				1BB0F40115EBDB2D005ACA0F /* ASIHTTPRequestDelegate.h */,
				1BB0F40215EBDB2D005ACA0F /* ASIInputStream.h */,
				1BB0F40315EBDB2D005ACA0F /* ASIInputStream.m */,
				1BB0F40415EBDB2D005ACA0F /* ASINetworkQueue.h */,
				1BB0F40515EBDB2D005ACA0F /* ASINetworkQueue.m */,
				1BB0F40615EBDB2D005ACA0F /* ASIProgressDelegate.h */,
				1BB0F40715EBDB2D005ACA0F /* ASIWebPageRequest */,
			);
			path = ASIRequest;
			sourceTree = "<group>";
		};
		1BB0F40715EBDB2D005ACA0F /* ASIWebPageRequest */ = {
			isa = PBXGroup;
			children = (
				1BB0F40815EBDB2D005ACA0F /* ASIWebPageRequest.h */,
				1BB0F40915EBDB2D005ACA0F /* ASIWebPageRequest.m */,
			);
			path = ASIWebPageRequest;
			sourceTree = "<group>";
		};
		1BB0F40A15EBDB2D005ACA0F /* FTUtils */ = {
			isa = PBXGroup;
			children = (
				1BB0F40B15EBDB2D005ACA0F /* FTAnimation+UIView.h */,
				1BB0F40C15EBDB2D005ACA0F /* FTAnimation+UIView.m */,
				1BB0F40D15EBDB2D005ACA0F /* FTAnimation.h */,
				1BB0F40E15EBDB2D005ACA0F /* FTAnimationManager.h */,
				1BB0F40F15EBDB2D005ACA0F /* FTAnimationManager.m */,
				1BB0F41015EBDB2D005ACA0F /* FTUtils+NSObject.h */,
				1BB0F41115EBDB2D005ACA0F /* FTUtils+NSObject.m */,
				1BB0F41215EBDB2D005ACA0F /* FTUtils+UIGestureRecognizer.h */,
				1BB0F41315EBDB2D005ACA0F /* FTUtils+UIGestureRecognizer.m */,
				1BB0F41415EBDB2D005ACA0F /* FTUtils.h */,
			);
			path = FTUtils;
			sourceTree = "<group>";
		};
		1BB0F41515EBDB2D005ACA0F /* JSONKit */ = {
			isa = PBXGroup;
			children = (
				1BB0F41615EBDB2D005ACA0F /* JSONKit.h */,
				1BB0F41715EBDB2D005ACA0F /* JSONKit.m */,
			);
			path = JSONKit;
			sourceTree = "<group>";
		};
		1BB0F41815EBDB2D005ACA0F /* Reachability */ = {
			isa = PBXGroup;
			children = (
				1BB0F41915EBDB2D005ACA0F /* Reachability.h */,
				1BB0F41A15EBDB2D005ACA0F /* Reachability.m */,
			);
			path = Reachability;
			sourceTree = "<group>";
		};
		1BB0F44015EBDCF9005ACA0F /* grafika */ = {
			isa = PBXGroup;
			children = (
				1BB0F4A115EBDD3C005ACA0F /* Default@2x.png */,
				1BB0F49F15EBDD38005ACA0F /* Default.png */,
				1BB0F49D15EBDD28005ACA0F /* Icon@2x.png */,
				1BB0F49B15EBDD18005ACA0F /* Icon.png */,
				1BB0F44115EBDCF9005ACA0F /* back.png */,
				1BB0F44215EBDCF9005ACA0F /* back@2x.png */,
				1BB0F44315EBDCF9005ACA0F /* bottom_line.png */,
				1BB0F44415EBDCF9005ACA0F /* check.png */,
				1BB0F44515EBDCF9005ACA0F /* check@2x.png */,
				1BB0F44615EBDCF9005ACA0F /* close.png */,
				1BB0F44715EBDCF9005ACA0F /* close@2x.png */,
				1BB0F44A15EBDCF9005ACA0F /* dugme.png */,
				1BB0F44B15EBDCF9005ACA0F /* dugme3.png */,
				1BB0F44C15EBDCF9005ACA0F /* empty.png */,
				1BB0F44D15EBDCF9005ACA0F /* empty@2x.png */,
				1BB0F44E15EBDCF9005ACA0F /* facebook.png */,
				1BB0F44F15EBDCF9005ACA0F /* facebook@2x.png */,
				1BB0F45015EBDCF9005ACA0F /* film.png */,
				1BB0F45115EBDCF9005ACA0F /* first.png */,
				1BB0F45215EBDCF9005ACA0F /* first@2x.png */,
				1BB0F45515EBDCF9005ACA0F /* imdb.png */,
				1BB0F45615EBDCF9005ACA0F /* imdb@2x.png */,
				1BB0F45715EBDCF9005ACA0F /* kino.png */,
				1BB0F45815EBDCF9005ACA0F /* kino@2x.png */,
				1BB0F45915EBDCF9005ACA0F /* list-item.png */,
				1BB0F45A15EBDCF9005ACA0F /* Play.png */,
				1BB0F45B15EBDCF9005ACA0F /* Play@2x.png */,
				1BB0F45C15EBDCF9005ACA0F /* RatingStarsBackground.png */,
				1BB0F45D15EBDCF9005ACA0F /* RatingStarsBackground@2x.png */,
				1BB0F45E15EBDCF9005ACA0F /* RatingStarsForeground.png */,
				1BB0F45F15EBDCF9005ACA0F /* RatingStarsForeground@2x.png */,
				1BB0F46015EBDCF9005ACA0F /* refresh.png */,
				1BB0F46115EBDCF9005ACA0F /* refresh@2x.png */,
				1BB0F46215EBDCF9005ACA0F /* search.png */,
				1BB0F46315EBDCF9005ACA0F /* search@2x.png */,
				1BB0F46415EBDCF9005ACA0F /* second.png */,
				1BB0F46515EBDCF9005ACA0F /* second@2x.png */,
				1BB0F46615EBDCF9005ACA0F /* third.png */,
				1BB0F46715EBDCF9005ACA0F /* third@2x.png */,
				1BB0F46815EBDCF9005ACA0F /* top.png */,
				1BB0F46915EBDCF9005ACA0F /* top@2x.png */,
				1BB0F46A15EBDCF9005ACA0F /* twitter.png */,
				1BB0F46B15EBDCF9005ACA0F /* twitter@2x.png */,
				1BB0F46C15EBDCF9005ACA0F /* UIButtonBarRefresh.png */,
				1BB0F46D15EBDCF9005ACA0F /* UIButtonBarRefresh@2x.png */,
			);
			path = grafika;
			sourceTree = "<group>";
		};
/* End PBXGroup section */

/* Begin PBXNativeTarget section */
		1BB0F39615EBD997005ACA0F /* Bihoskop */ = {
			isa = PBXNativeTarget;
			buildConfigurationList = 1BB0F3AF15EBD997005ACA0F /* Build configuration list for PBXNativeTarget "Bihoskop" */;
			buildPhases = (
				1BB0F39315EBD997005ACA0F /* Sources */,
				1BB0F39415EBD997005ACA0F /* Frameworks */,
				1BB0F39515EBD997005ACA0F /* Resources */,
			);
			buildRules = (
			);
			dependencies = (
			);
			name = Bihoskop;
			productName = Bihoskop;
			productReference = 1BB0F39715EBD997005ACA0F /* Bihoskop.app */;
			productType = "com.apple.product-type.application";
		};
/* End PBXNativeTarget section */

/* Begin PBXProject section */
		1BB0F38E15EBD997005ACA0F /* Project object */ = {
			isa = PBXProject;
			attributes = {
				LastUpgradeCheck = 0440;
				ORGANIZATIONNAME = "Bojan Cup";
			};
			buildConfigurationList = 1BB0F39115EBD997005ACA0F /* Build configuration list for PBXProject "Bihoskop" */;
			compatibilityVersion = "Xcode 3.2";
			developmentRegion = English;
			hasScannedForEncodings = 0;
			knownRegions = (
				en,
			);
			mainGroup = 1BB0F38C15EBD997005ACA0F;
			productRefGroup = 1BB0F39815EBD997005ACA0F /* Products */;
			projectDirPath = "";
			projectRoot = "";
			targets = (
				1BB0F39615EBD997005ACA0F /* Bihoskop */,
			);
		};
/* End PBXProject section */

/* Begin PBXResourcesBuildPhase section */
		1BB0F39515EBD997005ACA0F /* Resources */ = {
			isa = PBXResourcesBuildPhase;
			buildActionMask = 2147483647;
			files = (
				1BB0F3A615EBD997005ACA0F /* InfoPlist.strings in Resources */,
				1BB0F3C215EBDAEE005ACA0F /* Bioskopi_iPhone.xib in Resources */,
				1BB0F3C315EBDAEE005ACA0F /* DatePicker_iPhone.xib in Resources */,
				1BB0F3C415EBDAEE005ACA0F /* Film.xib in Resources */,
				1BB0F3C515EBDAEE005ACA0F /* FirstViewController_iPhone.xib in Resources */,
				1BB0F3C615EBDAEE005ACA0F /* IMDBViewController.xib in Resources */,
				1BB0F3C715EBDAEE005ACA0F /* Pregled_iPhone.xib in Resources */,
				1BB0F3C815EBDAEE005ACA0F /* Pregled2_iPhone.xib in Resources */,
				1BB0F3C915EBDAEE005ACA0F /* SecondViewController_iPhone.xib in Resources */,
				1BB0F3CA15EBDAEE005ACA0F /* TableCell.xib in Resources */,
				1BB0F3CB15EBDAEE005ACA0F /* TableHeader.xib in Resources */,
				1BB0F46E15EBDCF9005ACA0F /* back.png in Resources */,
				1BB0F46F15EBDCF9005ACA0F /* back@2x.png in Resources */,
				1BB0F47015EBDCF9005ACA0F /* bottom_line.png in Resources */,
				1BB0F47115EBDCF9005ACA0F /* check.png in Resources */,
				1BB0F47215EBDCF9005ACA0F /* check@2x.png in Resources */,
				1BB0F47315EBDCF9005ACA0F /* close.png in Resources */,
				1BB0F47415EBDCF9005ACA0F /* close@2x.png in Resources */,
				1BB0F47715EBDCF9005ACA0F /* dugme.png in Resources */,
				1BB0F47815EBDCF9005ACA0F /* dugme3.png in Resources */,
				1BB0F47915EBDCF9005ACA0F /* empty.png in Resources */,
				1BB0F47A15EBDCF9005ACA0F /* empty@2x.png in Resources */,
				1BB0F47B15EBDCF9005ACA0F /* facebook.png in Resources */,
				1BB0F47C15EBDCF9005ACA0F /* facebook@2x.png in Resources */,
				1BB0F47D15EBDCF9005ACA0F /* film.png in Resources */,
				1BB0F47E15EBDCF9005ACA0F /* first.png in Resources */,
				1BB0F47F15EBDCF9005ACA0F /* first@2x.png in Resources */,
				1BB0F48215EBDCF9005ACA0F /* imdb.png in Resources */,
				1BB0F48315EBDCF9005ACA0F /* imdb@2x.png in Resources */,
				1BB0F48415EBDCF9005ACA0F /* kino.png in Resources */,
				1BB0F48515EBDCF9005ACA0F /* kino@2x.png in Resources */,
				1BB0F48615EBDCF9005ACA0F /* list-item.png in Resources */,
				1BB0F48715EBDCF9005ACA0F /* Play.png in Resources */,
				1BB0F48815EBDCF9005ACA0F /* Play@2x.png in Resources */,
				1BB0F48915EBDCF9005ACA0F /* RatingStarsBackground.png in Resources */,
				1BB0F48A15EBDCF9005ACA0F /* RatingStarsBackground@2x.png in Resources */,
				1BB0F48B15EBDCF9005ACA0F /* RatingStarsForeground.png in Resources */,
				1BB0F48C15EBDCF9005ACA0F /* RatingStarsForeground@2x.png in Resources */,
				1BB0F48D15EBDCF9005ACA0F /* refresh.png in Resources */,
				1BB0F48E15EBDCF9005ACA0F /* refresh@2x.png in Resources */,
				1BB0F48F15EBDCF9005ACA0F /* search.png in Resources */,
				1BB0F49015EBDCF9005ACA0F /* search@2x.png in Resources */,
				1BB0F49115EBDCF9005ACA0F /* second.png in Resources */,
				1BB0F49215EBDCF9005ACA0F /* second@2x.png in Resources */,
				1BB0F49315EBDCF9005ACA0F /* third.png in Resources */,
				1BB0F49415EBDCF9005ACA0F /* third@2x.png in Resources */,
				1BB0F49515EBDCF9005ACA0F /* top.png in Resources */,
				1BB0F49615EBDCF9005ACA0F /* top@2x.png in Resources */,
				1BB0F49715EBDCF9005ACA0F /* twitter.png in Resources */,
				1BB0F49815EBDCF9005ACA0F /* twitter@2x.png in Resources */,
				1BB0F49915EBDCF9005ACA0F /* UIButtonBarRefresh.png in Resources */,
				1BB0F49A15EBDCF9005ACA0F /* UIButtonBarRefresh@2x.png in Resources */,
				1BB0F49C15EBDD18005ACA0F /* Icon.png in Resources */,
				1BB0F49E15EBDD28005ACA0F /* Icon@2x.png in Resources */,
				1BB0F4A015EBDD38005ACA0F /* Default.png in Resources */,
				1BB0F4A215EBDD3C005ACA0F /* Default@2x.png in Resources */,
			);
			runOnlyForDeploymentPostprocessing = 0;
		};
/* End PBXResourcesBuildPhase section */

/* Begin PBXSourcesBuildPhase section */
		1BB0F39315EBD997005ACA0F /* Sources */ = {
			isa = PBXSourcesBuildPhase;
			buildActionMask = 2147483647;
			files = (
				1BB0F3A815EBD997005ACA0F /* main.m in Sources */,
				1BB0F3AC15EBD997005ACA0F /* AppDelegate.m in Sources */,
				1BB0F3D915EBDB0B005ACA0F /* BioskopiViewController.m in Sources */,
				1BB0F3DA15EBDB0B005ACA0F /* DataProxy.m in Sources */,
				1BB0F3DB15EBDB0B005ACA0F /* DatePickerViewController.m in Sources */,
				1BB0F3DC15EBDB0B005ACA0F /* FilmViewController.m in Sources */,
				1BB0F3DD15EBDB0B005ACA0F /* FirstViewController.m in Sources */,
				1BB0F3DE15EBDB0B005ACA0F /* IMDBViewController.m in Sources */,
				1BB0F3DF15EBDB0B005ACA0F /* Pregled2ViewController.m in Sources */,
				1BB0F3E015EBDB0B005ACA0F /* PregledViewController.m in Sources */,
				1BB0F3E115EBDB0B005ACA0F /* SecondViewController.m in Sources */,
				1BB0F3E215EBDB0B005ACA0F /* TableCell.m in Sources */,
				1BB0F3E315EBDB0B005ACA0F /* TableHeader.m in Sources */,
				1BB0F3E415EBDB0B005ACA0F /* UINavigationBarCustom.m in Sources */,
				1BB0F41B15EBDB2D005ACA0F /* ASIAuthenticationDialog.m in Sources */,
				1BB0F41C15EBDB2D005ACA0F /* ASIDataCompressor.m in Sources */,
				1BB0F41D15EBDB2D005ACA0F /* ASIDataDecompressor.m in Sources */,
				1BB0F41E15EBDB2D005ACA0F /* ASIDownloadCache.m in Sources */,
				1BB0F41F15EBDB2D005ACA0F /* ASIFormDataRequest.m in Sources */,
				1BB0F42015EBDB2D005ACA0F /* ASIHTTPRequest.m in Sources */,
				1BB0F42115EBDB2D005ACA0F /* ASIInputStream.m in Sources */,
				1BB0F42215EBDB2D005ACA0F /* ASINetworkQueue.m in Sources */,
				1BB0F42415EBDB2D005ACA0F /* FTAnimation+UIView.m in Sources */,
				1BB0F42515EBDB2D005ACA0F /* FTAnimationManager.m in Sources */,
				1BB0F42615EBDB2D005ACA0F /* FTUtils+NSObject.m in Sources */,
				1BB0F42715EBDB2D005ACA0F /* FTUtils+UIGestureRecognizer.m in Sources */,
				1BB0F42815EBDB2D005ACA0F /* JSONKit.m in Sources */,
				1BB0F42915EBDB2D005ACA0F /* Reachability.m in Sources */,
			);
			runOnlyForDeploymentPostprocessing = 0;
		};
/* End PBXSourcesBuildPhase section */

/* Begin PBXVariantGroup section */
		1BB0F3A415EBD997005ACA0F /* InfoPlist.strings */ = {
			isa = PBXVariantGroup;
			children = (
				1BB0F3A515EBD997005ACA0F /* en */,
			);
			name = InfoPlist.strings;
			sourceTree = "<group>";
		};
/* End PBXVariantGroup section */

/* Begin XCBuildConfiguration section */
		1BB0F3AD15EBD997005ACA0F /* Debug */ = {
			isa = XCBuildConfiguration;
			buildSettings = {
				ALWAYS_SEARCH_USER_PATHS = NO;
				ARCHS = "$(ARCHS_STANDARD_32_BIT)";
				CLANG_CXX_LANGUAGE_STANDARD = "gnu++0x";
				CLANG_ENABLE_OBJC_ARC = YES;
				CLANG_WARN__DUPLICATE_METHOD_MATCH = YES;
				CODE_SIGN_IDENTITY = "iPhone Developer";
				"CODE_SIGN_IDENTITY[sdk=iphoneos*]" = "iPhone Developer";
				COPY_PHASE_STRIP = NO;
				GCC_C_LANGUAGE_STANDARD = gnu99;
				GCC_DYNAMIC_NO_PIC = NO;
				GCC_OPTIMIZATION_LEVEL = 0;
				GCC_PREPROCESSOR_DEFINITIONS = (
					"DEBUG=1",
					"$(inherited)",
				);
				GCC_SYMBOLS_PRIVATE_EXTERN = NO;
				GCC_VERSION = com.apple.compilers.llvm.clang.1_0;
				GCC_WARN_ABOUT_RETURN_TYPE = YES;
				GCC_WARN_UNINITIALIZED_AUTOS = YES;
				GCC_WARN_UNUSED_VARIABLE = YES;
				IPHONEOS_DEPLOYMENT_TARGET = 5.0;
				PROVISIONING_PROFILE = "";
				"PROVISIONING_PROFILE[sdk=iphoneos*]" = "";
				SDKROOT = iphoneos;
			};
			name = Debug;
		};
		1BB0F3AE15EBD997005ACA0F /* Release */ = {
			isa = XCBuildConfiguration;
			buildSettings = {
				ALWAYS_SEARCH_USER_PATHS = NO;
				ARCHS = "$(ARCHS_STANDARD_32_BIT)";
				CLANG_CXX_LANGUAGE_STANDARD = "gnu++0x";
				CLANG_ENABLE_OBJC_ARC = YES;
				CLANG_WARN__DUPLICATE_METHOD_MATCH = YES;
				CODE_SIGN_IDENTITY = "iPhone Developer";
				"CODE_SIGN_IDENTITY[sdk=iphoneos*]" = "iPhone Developer";
				COPY_PHASE_STRIP = YES;
				GCC_C_LANGUAGE_STANDARD = gnu99;
				GCC_VERSION = com.apple.compilers.llvm.clang.1_0;
				GCC_WARN_ABOUT_RETURN_TYPE = YES;
				GCC_WARN_UNINITIALIZED_AUTOS = YES;
				GCC_WARN_UNUSED_VARIABLE = YES;
				IPHONEOS_DEPLOYMENT_TARGET = 5.0;
				OTHER_CFLAGS = "-DNS_BLOCK_ASSERTIONS=1";
				PROVISIONING_PROFILE = "";
				"PROVISIONING_PROFILE[sdk=iphoneos*]" = "";
				SDKROOT = iphoneos;
				VALIDATE_PRODUCT = YES;
			};
			name = Release;
		};
		1BB0F3B015EBD997005ACA0F /* Debug */ = {
			isa = XCBuildConfiguration;
			buildSettings = {
				CODE_SIGN_IDENTITY = "iPhone Distribution";
				FRAMEWORK_SEARCH_PATHS = (
					"$(inherited)",
					"\"$(SRCROOT)\"",
					"\"$(SRCROOT)/../../Documents/FacebookSDK\"",
				);
				GCC_PRECOMPILE_PREFIX_HEADER = YES;
				GCC_PREFIX_HEADER = "Bihoskop/Bihoskop-Prefix.pch";
				INFOPLIST_FILE = "Bihoskop/Bihoskop-Info.plist";
				IPHONEOS_DEPLOYMENT_TARGET = 5.0;
				PRODUCT_NAME = "$(TARGET_NAME)";
				PROVISIONING_PROFILE = "";
				WRAPPER_EXTENSION = app;
			};
			name = Debug;
		};
		1BB0F3B115EBD997005ACA0F /* Release */ = {
			isa = XCBuildConfiguration;
			buildSettings = {
				CODE_SIGN_IDENTITY = "iPhone Distribution";
				FRAMEWORK_SEARCH_PATHS = (
					"$(inherited)",
					"\"$(SRCROOT)\"",
					"\"$(SRCROOT)/../../Documents/FacebookSDK\"",
				);
				GCC_PRECOMPILE_PREFIX_HEADER = YES;
				GCC_PREFIX_HEADER = "Bihoskop/Bihoskop-Prefix.pch";
				INFOPLIST_FILE = "Bihoskop/Bihoskop-Info.plist";
				IPHONEOS_DEPLOYMENT_TARGET = 5.0;
				PRODUCT_NAME = "$(TARGET_NAME)";
				PROVISIONING_PROFILE = "";
				WRAPPER_EXTENSION = app;
			};
			name = Release;
		};
/* End XCBuildConfiguration section */

/* Begin XCConfigurationList section */
		1BB0F39115EBD997005ACA0F /* Build configuration list for PBXProject "Bihoskop" */ = {
			isa = XCConfigurationList;
			buildConfigurations = (
				1BB0F3AD15EBD997005ACA0F /* Debug */,
				1BB0F3AE15EBD997005ACA0F /* Release */,
			);
			defaultConfigurationIsVisible = 0;
			defaultConfigurationName = Release;
		};
		1BB0F3AF15EBD997005ACA0F /* Build configuration list for PBXNativeTarget "Bihoskop" */ = {
			isa = XCConfigurationList;
			buildConfigurations = (
				1BB0F3B015EBD997005ACA0F /* Debug */,
				1BB0F3B115EBD997005ACA0F /* Release */,
			);
			defaultConfigurationIsVisible = 0;
			defaultConfigurationName = Release;
		};
/* End XCConfigurationList section */
	};
	rootObject = 1BB0F38E15EBD997005ACA0F /* Project object */;
}
